
Microsoft Visual Studio Solution File, Format Version 11.00
# Visual Studio 2010
Project("{FAE04EC0-301F-11D3-BF4B-00C04F79EFBC}") = "Meta.WitAi.Conduit", "Meta.WitAi.Conduit.csproj", "{ee5ca13f-6576-2ce3-0e83-912339b6ab7b}"
EndProject
Project("{FAE04EC0-301F-11D3-BF4B-00C04F79EFBC}") = "Unity.ShaderGraph.Editor", "Unity.ShaderGraph.Editor.csproj", "{e60e3fa2-0ee5-ac74-ec3f-bdad78c7306b}"
EndProject
Project("{FAE04EC0-301F-11D3-BF4B-00C04F79EFBC}") = "Oculus.VR", "Oculus.VR.csproj", "{0224955f-ae0f-575c-ae5c-69c2e4459bca}"
EndProject
Project("{FAE04EC0-301F-11D3-BF4B-00C04F79EFBC}") = "Oculus.Interaction", "Oculus.Interaction.csproj", "{e1109239-a6ef-34b1-ab89-71e27613e94e}"
EndProject
Project("{FAE04EC0-301F-11D3-BF4B-00C04F79EFBC}") = "Unity.RenderPipelines.Universal.Runtime", "Unity.RenderPipelines.Universal.Runtime.csproj", "{3220068c-0e4a-ddf7-a289-79a549a08987}"
EndProject
Project("{FAE04EC0-301F-11D3-BF4B-00C04F79EFBC}") = "UnityEditor.UI", "UnityEditor.UI.csproj", "{6a017c06-df9b-ce7d-2e59-c851bcb7cd88}"
EndProject
Project("{FAE04EC0-301F-11D3-BF4B-00C04F79EFBC}") = "Unity.RenderPipelines.Core.Runtime", "Unity.RenderPipelines.Core.Runtime.csproj", "{5baa6ff2-6ea2-f86b-07b2-ff7d37e8c3c2}"
EndProject
Project("{FAE04EC0-301F-11D3-BF4B-00C04F79EFBC}") = "Oculus.Interaction.Editor", "Oculus.Interaction.Editor.csproj", "{dce4b565-f5b3-33fa-f51a-ef234f3864d1}"
EndProject
Project("{FAE04EC0-301F-11D3-BF4B-00C04F79EFBC}") = "Unity.RenderPipelines.Core.Editor", "Unity.RenderPipelines.Core.Editor.csproj", "{0f9fa3e1-304a-5d41-6e5b-260a641c1597}"
EndProject
Project("{FAE04EC0-301F-11D3-BF4B-00C04F79EFBC}") = "Oculus.Platform", "Oculus.Platform.csproj", "{a0ce5d6f-24cd-5038-1354-95b968ff52ec}"
EndProject
Project("{FAE04EC0-301F-11D3-BF4B-00C04F79EFBC}") = "VoiceSDK.Telemetry", "VoiceSDK.Telemetry.csproj", "{d3f8e4dc-f796-ef3e-9e78-1a5d56feb7b7}"
EndProject
Project("{FAE04EC0-301F-11D3-BF4B-00C04F79EFBC}") = "Assembly-CSharp", "Assembly-CSharp.csproj", "{e6bdc332-25e1-2831-82c1-25d0441455a3}"
EndProject
Project("{FAE04EC0-301F-11D3-BF4B-00C04F79EFBC}") = "Unity.XR.PICO", "Unity.XR.PICO.csproj", "{77eafa7a-ef9f-1273-b642-2bdcda337366}"
EndProject
Project("{FAE04EC0-301F-11D3-BF4B-00C04F79EFBC}") = "Unity.RenderPipelines.Universal.Editor", "Unity.RenderPipelines.Universal.Editor.csproj", "{ed21d20e-b68e-7292-bae1-388e754d638c}"
EndProject
Project("{FAE04EC0-301F-11D3-BF4B-00C04F79EFBC}") = "Oculus.Interaction.OVR.Samples", "Oculus.Interaction.OVR.Samples.csproj", "{ae5f8bb7-3a38-bc2c-ea83-9539fb50a330}"
EndProject
Project("{FAE04EC0-301F-11D3-BF4B-00C04F79EFBC}") = "Meta.WitAi.Lib", "Meta.WitAi.Lib.csproj", "{1c871b01-aa86-aad2-88d1-1d526781229b}"
EndProject
Project("{FAE04EC0-301F-11D3-BF4B-00C04F79EFBC}") = "Pico.Spatializer.Example", "Pico.Spatializer.Example.csproj", "{aeafc66c-6146-3d21-1519-cdcf9ce87682}"
EndProject
Project("{FAE04EC0-301F-11D3-BF4B-00C04F79EFBC}") = "PPv2URPConverters", "PPv2URPConverters.csproj", "{09833157-dec1-2d1a-7247-dff4b9112b1a}"
EndProject
Project("{FAE04EC0-301F-11D3-BF4B-00C04F79EFBC}") = "Meta.WitAi.Editor", "Meta.WitAi.Editor.csproj", "{45e8a555-5e17-41e6-cca2-3d6f7c379819}"
EndProject
Project("{FAE04EC0-301F-11D3-BF4B-00C04F79EFBC}") = "Meta.WitAi.Conduit.Editor", "Meta.WitAi.Conduit.Editor.csproj", "{64167ad3-4716-2cb9-eb51-d578d3a32a41}"
EndProject
Project("{FAE04EC0-301F-11D3-BF4B-00C04F79EFBC}") = "Meta.WitAi", "Meta.WitAi.csproj", "{e5c41d01-ec56-8fbe-8a66-8b7d2492cbbf}"
EndProject
Project("{FAE04EC0-301F-11D3-BF4B-00C04F79EFBC}") = "Oculus.VR.Editor", "Oculus.VR.Editor.csproj", "{c76a9a61-968e-8b55-820f-364cb4a43fa3}"
EndProject
Project("{FAE04EC0-301F-11D3-BF4B-00C04F79EFBC}") = "Oculus.Interaction.OVR.Editor", "Oculus.Interaction.OVR.Editor.csproj", "{3c7bdcc9-76b2-cdc6-5e59-836b69c1e89d}"
EndProject
Project("{FAE04EC0-301F-11D3-BF4B-00C04F79EFBC}") = "Oculus.LipSync", "Oculus.LipSync.csproj", "{db8f7a47-5dd2-4b30-d2d7-4aaf48b42f5e}"
EndProject
Project("{FAE04EC0-301F-11D3-BF4B-00C04F79EFBC}") = "Pico.Spatializer", "Pico.Spatializer.csproj", "{807d577f-d149-f545-252c-7d0bd771b35c}"
EndProject
Project("{FAE04EC0-301F-11D3-BF4B-00C04F79EFBC}") = "UnityEngine.UI", "UnityEngine.UI.csproj", "{a72cac03-01af-34fe-84b6-7ce92cf47147}"
EndProject
Project("{FAE04EC0-301F-11D3-BF4B-00C04F79EFBC}") = "Oculus.Interaction.OVR", "Oculus.Interaction.OVR.csproj", "{6a8e1412-c50c-99e7-e38e-dae073bbbf70}"
EndProject
Project("{FAE04EC0-301F-11D3-BF4B-00C04F79EFBC}") = "Unity.RenderPipeline.Universal.ShaderLibrary", "Unity.RenderPipeline.Universal.ShaderLibrary.csproj", "{c4fefb27-6f70-4a6b-0fc5-1c4ecc06a8bc}"
EndProject
Project("{FAE04EC0-301F-11D3-BF4B-00C04F79EFBC}") = "VoiceSDK.Editor", "VoiceSDK.Editor.csproj", "{4588aeed-cc3d-12c7-6e88-098ff88566aa}"
EndProject
Project("{FAE04EC0-301F-11D3-BF4B-00C04F79EFBC}") = "Meta.WitAI.Lib.Editor", "Meta.WitAI.Lib.Editor.csproj", "{7da7cd51-e930-1e59-9f7b-3dd96989fd5e}"
EndProject
Project("{FAE04EC0-301F-11D3-BF4B-00C04F79EFBC}") = "PICO.Platform", "PICO.Platform.csproj", "{dab28333-fd7c-4d88-c28d-8f57f9db36d3}"
EndProject
Project("{FAE04EC0-301F-11D3-BF4B-00C04F79EFBC}") = "PICO.TobSupport", "PICO.TobSupport.csproj", "{0ef6cf08-b52a-65ab-155c-4052aed615e6}"
EndProject
Project("{FAE04EC0-301F-11D3-BF4B-00C04F79EFBC}") = "Meta.WitAi.TTS", "Meta.WitAi.TTS.csproj", "{d7ca924c-f7fc-3bac-3297-89accea0cf2c}"
EndProject
Project("{FAE04EC0-301F-11D3-BF4B-00C04F79EFBC}") = "Oculus.AudioManager", "Oculus.AudioManager.csproj", "{422d4ddb-5054-e5b3-4de6-58a5dce25679}"
EndProject
Project("{FAE04EC0-301F-11D3-BF4B-00C04F79EFBC}") = "Unity.XR.Interaction.Toolkit.Samples.StarterAssets", "Unity.XR.Interaction.Toolkit.Samples.StarterAssets.csproj", "{a1d365e9-97d6-fe4e-2f68-0f8ff8d4bc4b}"
EndProject
Project("{FAE04EC0-301F-11D3-BF4B-00C04F79EFBC}") = "Meta.Voice.Samples.BuiltInTimer", "Meta.Voice.Samples.BuiltInTimer.csproj", "{ea2b8087-6753-4caa-6116-a8230b7eede1}"
EndProject
Project("{FAE04EC0-301F-11D3-BF4B-00C04F79EFBC}") = "Meta.WitAi.TTS.Editor", "Meta.WitAi.TTS.Editor.csproj", "{39994788-081f-fb51-3a2b-39c703c21653}"
EndProject
Project("{FAE04EC0-301F-11D3-BF4B-00C04F79EFBC}") = "Meta.XR.BuildingBlocks.Editor", "Meta.XR.BuildingBlocks.Editor.csproj", "{f5671c99-9ab8-d2ee-1de5-b31cc2594d66}"
EndProject
Project("{FAE04EC0-301F-11D3-BF4B-00C04F79EFBC}") = "Meta.Voice.VSDKHub.Editor", "Meta.Voice.VSDKHub.Editor.csproj", "{1a7975a6-481f-1c39-8140-1140c4d746ea}"
EndProject
Project("{FAE04EC0-301F-11D3-BF4B-00C04F79EFBC}") = "VoiceSDK.Dictation.Runtime", "VoiceSDK.Dictation.Runtime.csproj", "{dc9cab43-6dba-e6d7-471d-993377b8649e}"
EndProject
Project("{FAE04EC0-301F-11D3-BF4B-00C04F79EFBC}") = "AssistantCoreSDKRuntime", "AssistantCoreSDKRuntime.csproj", "{7b3ba2d6-bad5-518a-4dea-dd149a5ba3c0}"
EndProject
Project("{FAE04EC0-301F-11D3-BF4B-00C04F79EFBC}") = "Assembly-CSharp-Editor", "Assembly-CSharp-Editor.csproj", "{0910a9e8-8671-82a3-4fe4-3c21ba335f00}"
EndProject
Project("{FAE04EC0-301F-11D3-BF4B-00C04F79EFBC}") = "Unity.XR.PICO.Editor", "Unity.XR.PICO.Editor.csproj", "{110cd398-d0eb-6b0c-ad90-5ef50dd1103d}"
EndProject
Project("{FAE04EC0-301F-11D3-BF4B-00C04F79EFBC}") = "Meta.Voice.Samples.TTSVoices", "Meta.Voice.Samples.TTSVoices.csproj", "{b5ca7729-5136-ba74-2601-36e1d14cb7be}"
EndProject
Project("{FAE04EC0-301F-11D3-BF4B-00C04F79EFBC}") = "VoiceSDK.Runtime", "VoiceSDK.Runtime.csproj", "{711acbbf-b1a1-55f6-2e3a-49328af55f29}"
EndProject
Project("{FAE04EC0-301F-11D3-BF4B-00C04F79EFBC}") = "Meta.WitAi.TTS.Samples", "Meta.WitAi.TTS.Samples.csproj", "{1e4cc918-31d1-efa6-0f7d-c17c24cb484c}"
EndProject
Project("{FAE04EC0-301F-11D3-BF4B-00C04F79EFBC}") = "Oculus.VR.Scripts.Editor", "Oculus.VR.Scripts.Editor.csproj", "{8e811a6a-7520-0375-ac3e-ac553b965d20}"
EndProject
Project("{FAE04EC0-301F-11D3-BF4B-00C04F79EFBC}") = "Meta.Voice.Samples.LightTraits", "Meta.Voice.Samples.LightTraits.csproj", "{376685fc-9ec5-f442-a3f7-d840b7f7dc0c}"
EndProject
Project("{FAE04EC0-301F-11D3-BF4B-00C04F79EFBC}") = "PICO.Platform.Editor", "PICO.Platform.Editor.csproj", "{ea30a5e1-3f19-2114-d945-ce83c08aa68e}"
EndProject
Project("{FAE04EC0-301F-11D3-BF4B-00C04F79EFBC}") = "Meta.Voice.Hub.Editor", "Meta.Voice.Hub.Editor.csproj", "{ae911679-0ec3-bd18-1aaf-61bc0e153b32}"
EndProject
Project("{FAE04EC0-301F-11D3-BF4B-00C04F79EFBC}") = "Oculus.Interaction.Samples.Editor", "Oculus.Interaction.Samples.Editor.csproj", "{2d58c1b7-82f9-a8c6-fb50-b82b63552d98}"
EndProject
Project("{FAE04EC0-301F-11D3-BF4B-00C04F79EFBC}") = "Meta.XR.BuildingBlocks", "Meta.XR.BuildingBlocks.csproj", "{9cba6127-dc62-d6ab-dd90-7a3204dd1e18}"
EndProject
Project("{FAE04EC0-301F-11D3-BF4B-00C04F79EFBC}") = "Oculus.Platform.Editor", "Oculus.Platform.Editor.csproj", "{86cb8d5b-5f2c-a8e8-144d-3b418fbf32b4}"
EndProject
Project("{FAE04EC0-301F-11D3-BF4B-00C04F79EFBC}") = "Facebook.Wit.Dictation", "Facebook.Wit.Dictation.csproj", "{acc4167d-8e85-52c2-f891-a115fd84452a}"
EndProject
Project("{FAE04EC0-301F-11D3-BF4B-00C04F79EFBC}") = "Oculus.Spatializer.Editor", "Oculus.Spatializer.Editor.csproj", "{c661b0cd-137a-ad4f-7246-c4dc8ab871ba}"
EndProject
Project("{FAE04EC0-301F-11D3-BF4B-00C04F79EFBC}") = "Oculus.LipSync.Editor", "Oculus.LipSync.Editor.csproj", "{21829f96-4976-2c85-f238-1e3f53705fd5}"
EndProject
Project("{FAE04EC0-301F-11D3-BF4B-00C04F79EFBC}") = "Oculus.AudioManager.Utils.Editor", "Oculus.AudioManager.Utils.Editor.csproj", "{faa301f3-c4e1-37ef-8fb8-a2f20e02c2b6}"
EndProject
Project("{FAE04EC0-301F-11D3-BF4B-00C04F79EFBC}") = "Meta.VoiceSDK.Mic.Common", "Meta.VoiceSDK.Mic.Common.csproj", "{9d481e77-4dbe-e3b2-e36e-e6067ef3ddb8}"
EndProject
Project("{FAE04EC0-301F-11D3-BF4B-00C04F79EFBC}") = "Meta.Voice.Samples.ShapesConduit", "Meta.Voice.Samples.ShapesConduit.csproj", "{cab41006-20c4-fb19-61ee-1d1b3bfb6a26}"
EndProject
Project("{FAE04EC0-301F-11D3-BF4B-00C04F79EFBC}") = "Oculus.Spatializer", "Oculus.Spatializer.csproj", "{fb5593f7-7159-1990-9b0c-e3323e259eef}"
EndProject
Project("{FAE04EC0-301F-11D3-BF4B-00C04F79EFBC}") = "Meta.VoiceSDK.Mic.Other", "Meta.VoiceSDK.Mic.Other.csproj", "{a0052127-66d6-e107-ae84-4b0c8eb3a81e}"
EndProject
Project("{FAE04EC0-301F-11D3-BF4B-00C04F79EFBC}") = "Unity.ShaderGraph.Utilities", "Unity.ShaderGraph.Utilities.csproj", "{479c0cc9-de9c-5d1f-5bce-81f946862314}"
EndProject
Project("{FAE04EC0-301F-11D3-BF4B-00C04F79EFBC}") = "Oculus.Interaction.InterfaceSupport", "Oculus.Interaction.InterfaceSupport.csproj", "{12c8374b-872c-e7f3-bba1-bffcd700faa2}"
EndProject
Project("{FAE04EC0-301F-11D3-BF4B-00C04F79EFBC}") = "Oculus.AudioManager.Audio.Editor", "Oculus.AudioManager.Audio.Editor.csproj", "{8376df06-deae-54a1-4a09-6a681f41a52a}"
EndProject
Project("{FAE04EC0-301F-11D3-BF4B-00C04F79EFBC}") = "Meta.Voice.Samples.LiveUnderstanding", "Meta.Voice.Samples.LiveUnderstanding.csproj", "{bf9ca495-033b-1799-78b8-672fe2f0180f}"
EndProject
Project("{FAE04EC0-301F-11D3-BF4B-00C04F79EFBC}") = "VoiceSDK.Dictation.Editor", "VoiceSDK.Dictation.Editor.csproj", "{6a1a0625-25fd-08ab-b28e-730df242b4f2}"
EndProject
Project("{FAE04EC0-301F-11D3-BF4B-00C04F79EFBC}") = "AssistantCoreSDKEditor", "AssistantCoreSDKEditor.csproj", "{543f2aaa-099c-9728-ec05-1fa2cefa6656}"
EndProject
Project("{FAE04EC0-301F-11D3-BF4B-00C04F79EFBC}") = "Meta.VoiceSDK.Mic.WebGL", "Meta.VoiceSDK.Mic.WebGL.csproj", "{6a57141e-3b1a-5876-c29a-8c824d618862}"
EndProject
Project("{FAE04EC0-301F-11D3-BF4B-00C04F79EFBC}") = "Pico.Spatializer.Editor", "Pico.Spatializer.Editor.csproj", "{7820cca0-2fd4-b5e0-d840-278d43486b66}"
EndProject
Project("{FAE04EC0-301F-11D3-BF4B-00C04F79EFBC}") = "Meta.Voice.Hub.Runtime", "Meta.Voice.Hub.Runtime.csproj", "{07edabc9-4c86-5f76-4149-cf3c8be29eae}"
EndProject
Project("{FAE04EC0-301F-11D3-BF4B-00C04F79EFBC}") = "Meta.Voice.Samples.Chess", "Meta.Voice.Samples.Chess.csproj", "{08cebfde-6653-0b57-67c6-d5809d651caa}"
EndProject
Project("{FAE04EC0-301F-11D3-BF4B-00C04F79EFBC}") = "Meta.Voice.Samples.Shapes", "Meta.Voice.Samples.Shapes.csproj", "{c2fbe544-e9cc-5d93-aeeb-b1b2f0da1b62}"
EndProject
Project("{FAE04EC0-301F-11D3-BF4B-00C04F79EFBC}") = "Meta.Voice.Samples.Dictation", "Meta.Voice.Samples.Dictation.csproj", "{f29e1a95-6b2a-100a-82a1-3e9c0fef3532}"
EndProject
Project("{FAE04EC0-301F-11D3-BF4B-00C04F79EFBC}") = "Unity.XR.Interaction.Toolkit.Samples.StarterAssets.Editor", "Unity.XR.Interaction.Toolkit.Samples.StarterAssets.Editor.csproj", "{5a564f5f-d604-b51f-118e-621500a6dcb0}"
EndProject
Project("{FAE04EC0-301F-11D3-BF4B-00C04F79EFBC}") = "Facebook.Wit.Dictation.Editor", "Facebook.Wit.Dictation.Editor.csproj", "{71c935c9-af81-dda2-1d58-1780fb1b1d2c}"
EndProject
Project("{FAE04EC0-301F-11D3-BF4B-00C04F79EFBC}") = "Unity.RenderPipelines.ShaderGraph.ShaderGraphLibrary", "Unity.RenderPipelines.ShaderGraph.ShaderGraphLibrary.csproj", "{371bcd5c-d9a3-efed-393c-731d45f936ac}"
EndProject
Project("{FAE04EC0-301F-11D3-BF4B-00C04F79EFBC}") = "Unity.RenderPipelines.Core.ShaderLibrary", "Unity.RenderPipelines.Core.ShaderLibrary.csproj", "{e7c7effb-3adc-0194-eb29-9e896f8a49b2}"
EndProject
Project("{FAE04EC0-301F-11D3-BF4B-00C04F79EFBC}") = "Unity.RenderPipelines.Universal.Shaders", "Unity.RenderPipelines.Universal.Shaders.csproj", "{6aec8b7e-de5f-4c16-9aef-51711e6dc3db}"
EndProject
Global
	GlobalSection(SolutionConfigurationPlatforms) = preSolution
		Debug|Any CPU = Debug|Any CPU
	EndGlobalSection
	GlobalSection(ProjectConfigurationPlatforms) = postSolution
		{ee5ca13f-6576-2ce3-0e83-912339b6ab7b}.Debug|Any CPU.ActiveCfg = Debug|Any CPU
		{ee5ca13f-6576-2ce3-0e83-912339b6ab7b}.Debug|Any CPU.Build.0 = Debug|Any CPU
		{e60e3fa2-0ee5-ac74-ec3f-bdad78c7306b}.Debug|Any CPU.ActiveCfg = Debug|Any CPU
		{e60e3fa2-0ee5-ac74-ec3f-bdad78c7306b}.Debug|Any CPU.Build.0 = Debug|Any CPU
		{0224955f-ae0f-575c-ae5c-69c2e4459bca}.Debug|Any CPU.ActiveCfg = Debug|Any CPU
		{0224955f-ae0f-575c-ae5c-69c2e4459bca}.Debug|Any CPU.Build.0 = Debug|Any CPU
		{e1109239-a6ef-34b1-ab89-71e27613e94e}.Debug|Any CPU.ActiveCfg = Debug|Any CPU
		{e1109239-a6ef-34b1-ab89-71e27613e94e}.Debug|Any CPU.Build.0 = Debug|Any CPU
		{3220068c-0e4a-ddf7-a289-79a549a08987}.Debug|Any CPU.ActiveCfg = Debug|Any CPU
		{3220068c-0e4a-ddf7-a289-79a549a08987}.Debug|Any CPU.Build.0 = Debug|Any CPU
		{6a017c06-df9b-ce7d-2e59-c851bcb7cd88}.Debug|Any CPU.ActiveCfg = Debug|Any CPU
		{6a017c06-df9b-ce7d-2e59-c851bcb7cd88}.Debug|Any CPU.Build.0 = Debug|Any CPU
		{5baa6ff2-6ea2-f86b-07b2-ff7d37e8c3c2}.Debug|Any CPU.ActiveCfg = Debug|Any CPU
		{5baa6ff2-6ea2-f86b-07b2-ff7d37e8c3c2}.Debug|Any CPU.Build.0 = Debug|Any CPU
		{dce4b565-f5b3-33fa-f51a-ef234f3864d1}.Debug|Any CPU.ActiveCfg = Debug|Any CPU
		{dce4b565-f5b3-33fa-f51a-ef234f3864d1}.Debug|Any CPU.Build.0 = Debug|Any CPU
		{0f9fa3e1-304a-5d41-6e5b-260a641c1597}.Debug|Any CPU.ActiveCfg = Debug|Any CPU
		{0f9fa3e1-304a-5d41-6e5b-260a641c1597}.Debug|Any CPU.Build.0 = Debug|Any CPU
		{a0ce5d6f-24cd-5038-1354-95b968ff52ec}.Debug|Any CPU.ActiveCfg = Debug|Any CPU
		{a0ce5d6f-24cd-5038-1354-95b968ff52ec}.Debug|Any CPU.Build.0 = Debug|Any CPU
		{d3f8e4dc-f796-ef3e-9e78-1a5d56feb7b7}.Debug|Any CPU.ActiveCfg = Debug|Any CPU
		{d3f8e4dc-f796-ef3e-9e78-1a5d56feb7b7}.Debug|Any CPU.Build.0 = Debug|Any CPU
		{e6bdc332-25e1-2831-82c1-25d0441455a3}.Debug|Any CPU.ActiveCfg = Debug|Any CPU
		{e6bdc332-25e1-2831-82c1-25d0441455a3}.Debug|Any CPU.Build.0 = Debug|Any CPU
		{77eafa7a-ef9f-1273-b642-2bdcda337366}.Debug|Any CPU.ActiveCfg = Debug|Any CPU
		{77eafa7a-ef9f-1273-b642-2bdcda337366}.Debug|Any CPU.Build.0 = Debug|Any CPU
		{ed21d20e-b68e-7292-bae1-388e754d638c}.Debug|Any CPU.ActiveCfg = Debug|Any CPU
		{ed21d20e-b68e-7292-bae1-388e754d638c}.Debug|Any CPU.Build.0 = Debug|Any CPU
		{ae5f8bb7-3a38-bc2c-ea83-9539fb50a330}.Debug|Any CPU.ActiveCfg = Debug|Any CPU
		{ae5f8bb7-3a38-bc2c-ea83-9539fb50a330}.Debug|Any CPU.Build.0 = Debug|Any CPU
		{1c871b01-aa86-aad2-88d1-1d526781229b}.Debug|Any CPU.ActiveCfg = Debug|Any CPU
		{1c871b01-aa86-aad2-88d1-1d526781229b}.Debug|Any CPU.Build.0 = Debug|Any CPU
		{aeafc66c-6146-3d21-1519-cdcf9ce87682}.Debug|Any CPU.ActiveCfg = Debug|Any CPU
		{aeafc66c-6146-3d21-1519-cdcf9ce87682}.Debug|Any CPU.Build.0 = Debug|Any CPU
		{09833157-dec1-2d1a-7247-dff4b9112b1a}.Debug|Any CPU.ActiveCfg = Debug|Any CPU
		{09833157-dec1-2d1a-7247-dff4b9112b1a}.Debug|Any CPU.Build.0 = Debug|Any CPU
		{45e8a555-5e17-41e6-cca2-3d6f7c379819}.Debug|Any CPU.ActiveCfg = Debug|Any CPU
		{45e8a555-5e17-41e6-cca2-3d6f7c379819}.Debug|Any CPU.Build.0 = Debug|Any CPU
		{64167ad3-4716-2cb9-eb51-d578d3a32a41}.Debug|Any CPU.ActiveCfg = Debug|Any CPU
		{64167ad3-4716-2cb9-eb51-d578d3a32a41}.Debug|Any CPU.Build.0 = Debug|Any CPU
		{e5c41d01-ec56-8fbe-8a66-8b7d2492cbbf}.Debug|Any CPU.ActiveCfg = Debug|Any CPU
		{e5c41d01-ec56-8fbe-8a66-8b7d2492cbbf}.Debug|Any CPU.Build.0 = Debug|Any CPU
		{c76a9a61-968e-8b55-820f-364cb4a43fa3}.Debug|Any CPU.ActiveCfg = Debug|Any CPU
		{c76a9a61-968e-8b55-820f-364cb4a43fa3}.Debug|Any CPU.Build.0 = Debug|Any CPU
		{3c7bdcc9-76b2-cdc6-5e59-836b69c1e89d}.Debug|Any CPU.ActiveCfg = Debug|Any CPU
		{3c7bdcc9-76b2-cdc6-5e59-836b69c1e89d}.Debug|Any CPU.Build.0 = Debug|Any CPU
		{db8f7a47-5dd2-4b30-d2d7-4aaf48b42f5e}.Debug|Any CPU.ActiveCfg = Debug|Any CPU
		{db8f7a47-5dd2-4b30-d2d7-4aaf48b42f5e}.Debug|Any CPU.Build.0 = Debug|Any CPU
		{807d577f-d149-f545-252c-7d0bd771b35c}.Debug|Any CPU.ActiveCfg = Debug|Any CPU
		{807d577f-d149-f545-252c-7d0bd771b35c}.Debug|Any CPU.Build.0 = Debug|Any CPU
		{a72cac03-01af-34fe-84b6-7ce92cf47147}.Debug|Any CPU.ActiveCfg = Debug|Any CPU
		{a72cac03-01af-34fe-84b6-7ce92cf47147}.Debug|Any CPU.Build.0 = Debug|Any CPU
		{6a8e1412-c50c-99e7-e38e-dae073bbbf70}.Debug|Any CPU.ActiveCfg = Debug|Any CPU
		{6a8e1412-c50c-99e7-e38e-dae073bbbf70}.Debug|Any CPU.Build.0 = Debug|Any CPU
		{c4fefb27-6f70-4a6b-0fc5-1c4ecc06a8bc}.Debug|Any CPU.ActiveCfg = Debug|Any CPU
		{c4fefb27-6f70-4a6b-0fc5-1c4ecc06a8bc}.Debug|Any CPU.Build.0 = Debug|Any CPU
		{4588aeed-cc3d-12c7-6e88-098ff88566aa}.Debug|Any CPU.ActiveCfg = Debug|Any CPU
		{4588aeed-cc3d-12c7-6e88-098ff88566aa}.Debug|Any CPU.Build.0 = Debug|Any CPU
		{7da7cd51-e930-1e59-9f7b-3dd96989fd5e}.Debug|Any CPU.ActiveCfg = Debug|Any CPU
		{7da7cd51-e930-1e59-9f7b-3dd96989fd5e}.Debug|Any CPU.Build.0 = Debug|Any CPU
		{dab28333-fd7c-4d88-c28d-8f57f9db36d3}.Debug|Any CPU.ActiveCfg = Debug|Any CPU
		{dab28333-fd7c-4d88-c28d-8f57f9db36d3}.Debug|Any CPU.Build.0 = Debug|Any CPU
		{0ef6cf08-b52a-65ab-155c-4052aed615e6}.Debug|Any CPU.ActiveCfg = Debug|Any CPU
		{0ef6cf08-b52a-65ab-155c-4052aed615e6}.Debug|Any CPU.Build.0 = Debug|Any CPU
		{d7ca924c-f7fc-3bac-3297-89accea0cf2c}.Debug|Any CPU.ActiveCfg = Debug|Any CPU
		{d7ca924c-f7fc-3bac-3297-89accea0cf2c}.Debug|Any CPU.Build.0 = Debug|Any CPU
		{422d4ddb-5054-e5b3-4de6-58a5dce25679}.Debug|Any CPU.ActiveCfg = Debug|Any CPU
		{422d4ddb-5054-e5b3-4de6-58a5dce25679}.Debug|Any CPU.Build.0 = Debug|Any CPU
		{a1d365e9-97d6-fe4e-2f68-0f8ff8d4bc4b}.Debug|Any CPU.ActiveCfg = Debug|Any CPU
		{a1d365e9-97d6-fe4e-2f68-0f8ff8d4bc4b}.Debug|Any CPU.Build.0 = Debug|Any CPU
		{ea2b8087-6753-4caa-6116-a8230b7eede1}.Debug|Any CPU.ActiveCfg = Debug|Any CPU
		{ea2b8087-6753-4caa-6116-a8230b7eede1}.Debug|Any CPU.Build.0 = Debug|Any CPU
		{39994788-081f-fb51-3a2b-39c703c21653}.Debug|Any CPU.ActiveCfg = Debug|Any CPU
		{39994788-081f-fb51-3a2b-39c703c21653}.Debug|Any CPU.Build.0 = Debug|Any CPU
		{f5671c99-9ab8-d2ee-1de5-b31cc2594d66}.Debug|Any CPU.ActiveCfg = Debug|Any CPU
		{f5671c99-9ab8-d2ee-1de5-b31cc2594d66}.Debug|Any CPU.Build.0 = Debug|Any CPU
		{1a7975a6-481f-1c39-8140-1140c4d746ea}.Debug|Any CPU.ActiveCfg = Debug|Any CPU
		{1a7975a6-481f-1c39-8140-1140c4d746ea}.Debug|Any CPU.Build.0 = Debug|Any CPU
		{dc9cab43-6dba-e6d7-471d-993377b8649e}.Debug|Any CPU.ActiveCfg = Debug|Any CPU
		{dc9cab43-6dba-e6d7-471d-993377b8649e}.Debug|Any CPU.Build.0 = Debug|Any CPU
		{7b3ba2d6-bad5-518a-4dea-dd149a5ba3c0}.Debug|Any CPU.ActiveCfg = Debug|Any CPU
		{7b3ba2d6-bad5-518a-4dea-dd149a5ba3c0}.Debug|Any CPU.Build.0 = Debug|Any CPU
		{0910a9e8-8671-82a3-4fe4-3c21ba335f00}.Debug|Any CPU.ActiveCfg = Debug|Any CPU
		{0910a9e8-8671-82a3-4fe4-3c21ba335f00}.Debug|Any CPU.Build.0 = Debug|Any CPU
		{110cd398-d0eb-6b0c-ad90-5ef50dd1103d}.Debug|Any CPU.ActiveCfg = Debug|Any CPU
		{110cd398-d0eb-6b0c-ad90-5ef50dd1103d}.Debug|Any CPU.Build.0 = Debug|Any CPU
		{b5ca7729-5136-ba74-2601-36e1d14cb7be}.Debug|Any CPU.ActiveCfg = Debug|Any CPU
		{b5ca7729-5136-ba74-2601-36e1d14cb7be}.Debug|Any CPU.Build.0 = Debug|Any CPU
		{711acbbf-b1a1-55f6-2e3a-49328af55f29}.Debug|Any CPU.ActiveCfg = Debug|Any CPU
		{711acbbf-b1a1-55f6-2e3a-49328af55f29}.Debug|Any CPU.Build.0 = Debug|Any CPU
		{1e4cc918-31d1-efa6-0f7d-c17c24cb484c}.Debug|Any CPU.ActiveCfg = Debug|Any CPU
		{1e4cc918-31d1-efa6-0f7d-c17c24cb484c}.Debug|Any CPU.Build.0 = Debug|Any CPU
		{8e811a6a-7520-0375-ac3e-ac553b965d20}.Debug|Any CPU.ActiveCfg = Debug|Any CPU
		{8e811a6a-7520-0375-ac3e-ac553b965d20}.Debug|Any CPU.Build.0 = Debug|Any CPU
		{376685fc-9ec5-f442-a3f7-d840b7f7dc0c}.Debug|Any CPU.ActiveCfg = Debug|Any CPU
		{376685fc-9ec5-f442-a3f7-d840b7f7dc0c}.Debug|Any CPU.Build.0 = Debug|Any CPU
		{ea30a5e1-3f19-2114-d945-ce83c08aa68e}.Debug|Any CPU.ActiveCfg = Debug|Any CPU
		{ea30a5e1-3f19-2114-d945-ce83c08aa68e}.Debug|Any CPU.Build.0 = Debug|Any CPU
		{ae911679-0ec3-bd18-1aaf-61bc0e153b32}.Debug|Any CPU.ActiveCfg = Debug|Any CPU
		{ae911679-0ec3-bd18-1aaf-61bc0e153b32}.Debug|Any CPU.Build.0 = Debug|Any CPU
		{2d58c1b7-82f9-a8c6-fb50-b82b63552d98}.Debug|Any CPU.ActiveCfg = Debug|Any CPU
		{2d58c1b7-82f9-a8c6-fb50-b82b63552d98}.Debug|Any CPU.Build.0 = Debug|Any CPU
		{9cba6127-dc62-d6ab-dd90-7a3204dd1e18}.Debug|Any CPU.ActiveCfg = Debug|Any CPU
		{9cba6127-dc62-d6ab-dd90-7a3204dd1e18}.Debug|Any CPU.Build.0 = Debug|Any CPU
		{86cb8d5b-5f2c-a8e8-144d-3b418fbf32b4}.Debug|Any CPU.ActiveCfg = Debug|Any CPU
		{86cb8d5b-5f2c-a8e8-144d-3b418fbf32b4}.Debug|Any CPU.Build.0 = Debug|Any CPU
		{acc4167d-8e85-52c2-f891-a115fd84452a}.Debug|Any CPU.ActiveCfg = Debug|Any CPU
		{acc4167d-8e85-52c2-f891-a115fd84452a}.Debug|Any CPU.Build.0 = Debug|Any CPU
		{c661b0cd-137a-ad4f-7246-c4dc8ab871ba}.Debug|Any CPU.ActiveCfg = Debug|Any CPU
		{c661b0cd-137a-ad4f-7246-c4dc8ab871ba}.Debug|Any CPU.Build.0 = Debug|Any CPU
		{21829f96-4976-2c85-f238-1e3f53705fd5}.Debug|Any CPU.ActiveCfg = Debug|Any CPU
		{21829f96-4976-2c85-f238-1e3f53705fd5}.Debug|Any CPU.Build.0 = Debug|Any CPU
		{faa301f3-c4e1-37ef-8fb8-a2f20e02c2b6}.Debug|Any CPU.ActiveCfg = Debug|Any CPU
		{faa301f3-c4e1-37ef-8fb8-a2f20e02c2b6}.Debug|Any CPU.Build.0 = Debug|Any CPU
		{9d481e77-4dbe-e3b2-e36e-e6067ef3ddb8}.Debug|Any CPU.ActiveCfg = Debug|Any CPU
		{9d481e77-4dbe-e3b2-e36e-e6067ef3ddb8}.Debug|Any CPU.Build.0 = Debug|Any CPU
		{cab41006-20c4-fb19-61ee-1d1b3bfb6a26}.Debug|Any CPU.ActiveCfg = Debug|Any CPU
		{cab41006-20c4-fb19-61ee-1d1b3bfb6a26}.Debug|Any CPU.Build.0 = Debug|Any CPU
		{fb5593f7-7159-1990-9b0c-e3323e259eef}.Debug|Any CPU.ActiveCfg = Debug|Any CPU
		{fb5593f7-7159-1990-9b0c-e3323e259eef}.Debug|Any CPU.Build.0 = Debug|Any CPU
		{a0052127-66d6-e107-ae84-4b0c8eb3a81e}.Debug|Any CPU.ActiveCfg = Debug|Any CPU
		{a0052127-66d6-e107-ae84-4b0c8eb3a81e}.Debug|Any CPU.Build.0 = Debug|Any CPU
		{479c0cc9-de9c-5d1f-5bce-81f946862314}.Debug|Any CPU.ActiveCfg = Debug|Any CPU
		{479c0cc9-de9c-5d1f-5bce-81f946862314}.Debug|Any CPU.Build.0 = Debug|Any CPU
		{12c8374b-872c-e7f3-bba1-bffcd700faa2}.Debug|Any CPU.ActiveCfg = Debug|Any CPU
		{12c8374b-872c-e7f3-bba1-bffcd700faa2}.Debug|Any CPU.Build.0 = Debug|Any CPU
		{8376df06-deae-54a1-4a09-6a681f41a52a}.Debug|Any CPU.ActiveCfg = Debug|Any CPU
		{8376df06-deae-54a1-4a09-6a681f41a52a}.Debug|Any CPU.Build.0 = Debug|Any CPU
		{bf9ca495-033b-1799-78b8-672fe2f0180f}.Debug|Any CPU.ActiveCfg = Debug|Any CPU
		{bf9ca495-033b-1799-78b8-672fe2f0180f}.Debug|Any CPU.Build.0 = Debug|Any CPU
		{6a1a0625-25fd-08ab-b28e-730df242b4f2}.Debug|Any CPU.ActiveCfg = Debug|Any CPU
		{6a1a0625-25fd-08ab-b28e-730df242b4f2}.Debug|Any CPU.Build.0 = Debug|Any CPU
		{543f2aaa-099c-9728-ec05-1fa2cefa6656}.Debug|Any CPU.ActiveCfg = Debug|Any CPU
		{543f2aaa-099c-9728-ec05-1fa2cefa6656}.Debug|Any CPU.Build.0 = Debug|Any CPU
		{6a57141e-3b1a-5876-c29a-8c824d618862}.Debug|Any CPU.ActiveCfg = Debug|Any CPU
		{6a57141e-3b1a-5876-c29a-8c824d618862}.Debug|Any CPU.Build.0 = Debug|Any CPU
		{7820cca0-2fd4-b5e0-d840-278d43486b66}.Debug|Any CPU.ActiveCfg = Debug|Any CPU
		{7820cca0-2fd4-b5e0-d840-278d43486b66}.Debug|Any CPU.Build.0 = Debug|Any CPU
		{07edabc9-4c86-5f76-4149-cf3c8be29eae}.Debug|Any CPU.ActiveCfg = Debug|Any CPU
		{07edabc9-4c86-5f76-4149-cf3c8be29eae}.Debug|Any CPU.Build.0 = Debug|Any CPU
		{08cebfde-6653-0b57-67c6-d5809d651caa}.Debug|Any CPU.ActiveCfg = Debug|Any CPU
		{08cebfde-6653-0b57-67c6-d5809d651caa}.Debug|Any CPU.Build.0 = Debug|Any CPU
		{c2fbe544-e9cc-5d93-aeeb-b1b2f0da1b62}.Debug|Any CPU.ActiveCfg = Debug|Any CPU
		{c2fbe544-e9cc-5d93-aeeb-b1b2f0da1b62}.Debug|Any CPU.Build.0 = Debug|Any CPU
		{f29e1a95-6b2a-100a-82a1-3e9c0fef3532}.Debug|Any CPU.ActiveCfg = Debug|Any CPU
		{f29e1a95-6b2a-100a-82a1-3e9c0fef3532}.Debug|Any CPU.Build.0 = Debug|Any CPU
		{5a564f5f-d604-b51f-118e-621500a6dcb0}.Debug|Any CPU.ActiveCfg = Debug|Any CPU
		{5a564f5f-d604-b51f-118e-621500a6dcb0}.Debug|Any CPU.Build.0 = Debug|Any CPU
		{71c935c9-af81-dda2-1d58-1780fb1b1d2c}.Debug|Any CPU.ActiveCfg = Debug|Any CPU
		{71c935c9-af81-dda2-1d58-1780fb1b1d2c}.Debug|Any CPU.Build.0 = Debug|Any CPU
		{371bcd5c-d9a3-efed-393c-731d45f936ac}.Debug|Any CPU.ActiveCfg = Debug|Any CPU
		{371bcd5c-d9a3-efed-393c-731d45f936ac}.Debug|Any CPU.Build.0 = Debug|Any CPU
		{e7c7effb-3adc-0194-eb29-9e896f8a49b2}.Debug|Any CPU.ActiveCfg = Debug|Any CPU
		{e7c7effb-3adc-0194-eb29-9e896f8a49b2}.Debug|Any CPU.Build.0 = Debug|Any CPU
		{6aec8b7e-de5f-4c16-9aef-51711e6dc3db}.Debug|Any CPU.ActiveCfg = Debug|Any CPU
		{6aec8b7e-de5f-4c16-9aef-51711e6dc3db}.Debug|Any CPU.Build.0 = Debug|Any CPU
	EndGlobalSection
	GlobalSection(SolutionProperties) = preSolution
		HideSolutionNode = FALSE
	EndGlobalSection
EndGlobal
